{
  "name": "form",
  "lockfileVersion": 2,
  "requires": true,
  "packages": {
    "": {
      "dependencies": {
        "@syncfusion/ej2-angular-dropdowns": "^20.2.36"
      }
    },
    "node_modules/@syncfusion/ej2-angular-base": {
      "version": "20.2.37",
      "resolved": "https://registry.npmjs.org/@syncfusion/ej2-angular-base/-/ej2-angular-base-20.2.37.tgz",
      "integrity": "sha512-j5hlqgDbYpTWDydNxO+jLma2zY1eqzD8ViPxRdIJfo7DlNO3ns8980Yctp0LOJkv5TVAKQ+ZXc+ZHoasDwXmsQ==",
      "hasInstallScript": true,
      "dependencies": {
        "@syncfusion/ej2-base": "~20.2.36",
        "@syncfusion/ej2-icons": "~20.2.36",
        "core-js": "^3.4.8",
        "reflect-metadata": "^0.1.9",
        "rxjs": "^6.5.4",
        "rxjs-compat": "^6.5.4",
        "zone.js": "^0.10.2"
      }
    },
    "node_modules/@syncfusion/ej2-angular-dropdowns": {
      "version": "20.2.36",
      "resolved": "https://registry.npmjs.org/@syncfusion/ej2-angular-dropdowns/-/ej2-angular-dropdowns-20.2.36.tgz",
      "integrity": "sha512-lGCmyTYeK2O4b6Oxrsnib049D1HePgIIj53esHPuBzlYmlhQQ8pyLSMZ/u0h7QALyk3TpVjrVKxswqK8I0/Jfw==",
      "dependencies": {
        "@syncfusion/ej2-angular-base": "~20.2.36",
        "@syncfusion/ej2-base": "~20.2.36",
        "@syncfusion/ej2-dropdowns": "20.2.36",
        "tslib": "^2.3.0"
      }
    },
    "node_modules/@syncfusion/ej2-base": {
      "version": "20.2.36",
      "resolved": "https://registry.npmjs.org/@syncfusion/ej2-base/-/ej2-base-20.2.36.tgz",
      "integrity": "sha512-k2YdbYh93MKo57eOODmHZDVuNEN3uM4J8mri6XwoaDvTB8LA3rZfYlKkiulX9jYhdl1KoUN+eAi6ytCD+v0Nsw==",
      "dependencies": {
        "@syncfusion/ej2-icons": "~20.2.36"
      },
      "bin": {
        "syncfusion-license": "bin/syncfusion-license.js"
      }
    },
    "node_modules/@syncfusion/ej2-buttons": {
      "version": "20.2.36",
      "resolved": "https://registry.npmjs.org/@syncfusion/ej2-buttons/-/ej2-buttons-20.2.36.tgz",
      "integrity": "sha512-KjoR3YWNv0x0+sjofPhGoM1AAJKl1uxDvnI1z7iITvFoQ/g6dybAYp4uftdKTJe1GT9OVqQu4yzhxTxvLO1q/A==",
      "dependencies": {
        "@syncfusion/ej2-base": "~20.2.36"
      }
    },
    "node_modules/@syncfusion/ej2-data": {
      "version": "20.2.36",
      "resolved": "https://registry.npmjs.org/@syncfusion/ej2-data/-/ej2-data-20.2.36.tgz",
      "integrity": "sha512-eFJydLritngUW9Vvg7TuA9E/g4hDGNGnb2q3AmHFkl+lcrlexRawldUrktTbUJENSVuwZRcgZU5Unz5eDfbcOQ==",
      "dependencies": {
        "@syncfusion/ej2-base": "~20.2.36"
      }
    },
    "node_modules/@syncfusion/ej2-dropdowns": {
      "version": "20.2.36",
      "resolved": "https://registry.npmjs.org/@syncfusion/ej2-dropdowns/-/ej2-dropdowns-20.2.36.tgz",
      "integrity": "sha512-F0zqcCm9T8Zmtyrc9ZgIleROQc/M33sZcz4UrE00sQpB+eOseV2vKZD300jdI8PZddWsM9ych/eV+/bZScl1ew==",
      "dependencies": {
        "@syncfusion/ej2-base": "~20.2.36",
        "@syncfusion/ej2-data": "~20.2.36",
        "@syncfusion/ej2-inputs": "~20.2.36",
        "@syncfusion/ej2-lists": "~20.2.36",
        "@syncfusion/ej2-navigations": "~20.2.36",
        "@syncfusion/ej2-popups": "~20.2.36"
      }
    },
    "node_modules/@syncfusion/ej2-icons": {
      "version": "20.2.36",
      "resolved": "https://registry.npmjs.org/@syncfusion/ej2-icons/-/ej2-icons-20.2.36.tgz",
      "integrity": "sha512-C8AMPlzLsrAXY6qoG0jeQfBKZfyZTIZa5K0dtM8G99HGzx+dI3TkcCpSkwvDcKrynyN3CNJp4rw53vvcTFBCPg=="
    },
    "node_modules/@syncfusion/ej2-inputs": {
      "version": "20.2.36",
      "resolved": "https://registry.npmjs.org/@syncfusion/ej2-inputs/-/ej2-inputs-20.2.36.tgz",
      "integrity": "sha512-hWiDD17IuPeo4IoA/J35bDJgZeA9sV3iVl4ww0ocbb73HHsG1jPP5HupNlRNBocZ5AoFLWDt+NbnTxYDr8gTZQ==",
      "dependencies": {
        "@syncfusion/ej2-base": "~20.2.36",
        "@syncfusion/ej2-buttons": "~20.2.36",
        "@syncfusion/ej2-popups": "~20.2.36",
        "@syncfusion/ej2-splitbuttons": "~20.2.36"
      }
    },
    "node_modules/@syncfusion/ej2-lists": {
      "version": "20.2.36",
      "resolved": "https://registry.npmjs.org/@syncfusion/ej2-lists/-/ej2-lists-20.2.36.tgz",
      "integrity": "sha512-T3JQX2Bf32cKKzO64i0BQvDYpa2ygzCZ+8s1YOfmYCeocQ9FzID8sr5TJAJDpnu1gvpzVQ/xWyBOPb9lU1wh3A==",
      "dependencies": {
        "@syncfusion/ej2-base": "~20.2.36",
        "@syncfusion/ej2-buttons": "~20.2.36",
        "@syncfusion/ej2-data": "~20.2.36"
      }
    },
    "node_modules/@syncfusion/ej2-navigations": {
      "version": "20.2.36",
      "resolved": "https://registry.npmjs.org/@syncfusion/ej2-navigations/-/ej2-navigations-20.2.36.tgz",
      "integrity": "sha512-Xz38yfJuHmroiUZojPtTGn0VEVlkMgSK+6b9/r+90eYXzJaN06m6Upzd2cpSt3G188ay6kyuIO80bUGOH4WOtg==",
      "dependencies": {
        "@syncfusion/ej2-base": "~20.2.36",
        "@syncfusion/ej2-buttons": "~20.2.36",
        "@syncfusion/ej2-data": "~20.2.36",
        "@syncfusion/ej2-inputs": "~20.2.36",
        "@syncfusion/ej2-lists": "~20.2.36",
        "@syncfusion/ej2-popups": "~20.2.36"
      }
    },
    "node_modules/@syncfusion/ej2-popups": {
      "version": "20.2.36",
      "resolved": "https://registry.npmjs.org/@syncfusion/ej2-popups/-/ej2-popups-20.2.36.tgz",
      "integrity": "sha512-2K+uQFWaNDC7KOe2JK55PFtOlGSSZQirzhGZPdbkgTb8LDPZG/Ef89INsa2lBqUY5tubtC7vZ74r5J/O24djyA==",
      "dependencies": {
        "@syncfusion/ej2-base": "~20.2.36",
        "@syncfusion/ej2-buttons": "~20.2.36"
      }
    },
    "node_modules/@syncfusion/ej2-splitbuttons": {
      "version": "20.2.36",
      "resolved": "https://registry.npmjs.org/@syncfusion/ej2-splitbuttons/-/ej2-splitbuttons-20.2.36.tgz",
      "integrity": "sha512-SBMaEtSIqidYrOSJZRIh0PsGmY/InY7MYgcjSLevYUKD8xVplpAEWZK86ALDfcdyH3OvFJf07OAZf9wdxMik4A==",
      "dependencies": {
        "@syncfusion/ej2-base": "~20.2.36",
        "@syncfusion/ej2-popups": "~20.2.36"
      }
    },
    "node_modules/core-js": {
      "version": "3.23.3",
      "resolved": "https://registry.npmjs.org/core-js/-/core-js-3.23.3.tgz",
      "integrity": "sha512-oAKwkj9xcWNBAvGbT//WiCdOMpb9XQG92/Fe3ABFM/R16BsHgePG00mFOgKf7IsCtfj8tA1kHtf/VwErhriz5Q==",
      "hasInstallScript": true,
      "funding": {
        "type": "opencollective",
        "url": "https://opencollective.com/core-js"
      }
    },
    "node_modules/reflect-metadata": {
      "version": "0.1.13",
      "resolved": "https://registry.npmjs.org/reflect-metadata/-/reflect-metadata-0.1.13.tgz",
      "integrity": "sha512-Ts1Y/anZELhSsjMcU605fU9RE4Oi3p5ORujwbIKXfWa+0Zxs510Qrmrce5/Jowq3cHSZSJqBjypxmHarc+vEWg=="
    },
    "node_modules/rxjs": {
      "version": "6.6.7",
      "resolved": "https://registry.npmjs.org/rxjs/-/rxjs-6.6.7.tgz",
      "integrity": "sha512-hTdwr+7yYNIT5n4AMYp85KA6yw2Va0FLa3Rguvbpa4W3I5xynaBZo41cM3XM+4Q6fRMj3sBYIR1VAmZMXYJvRQ==",
      "dependencies": {
        "tslib": "^1.9.0"
      },
      "engines": {
        "npm": ">=2.0.0"
      }
    },
    "node_modules/rxjs-compat": {
      "version": "6.6.7",
      "resolved": "https://registry.npmjs.org/rxjs-compat/-/rxjs-compat-6.6.7.tgz",
      "integrity": "sha512-szN4fK+TqBPOFBcBcsR0g2cmTTUF/vaFEOZNuSdfU8/pGFnNmmn2u8SystYXG1QMrjOPBc6XTKHMVfENDf6hHw=="
    },
    "node_modules/rxjs/node_modules/tslib": {
      "version": "1.14.1",
      "resolved": "https://registry.npmjs.org/tslib/-/tslib-1.14.1.tgz",
      "integrity": "sha512-Xni35NKzjgMrwevysHTCArtLDpPvye8zV/0E4EyYn43P7/7qvQwPh9BGkHewbMulVntbigmcT7rdX3BNo9wRJg=="
    },
    "node_modules/tslib": {
      "version": "2.4.0",
      "resolved": "https://registry.npmjs.org/tslib/-/tslib-2.4.0.tgz",
      "integrity": "sha512-d6xOpEDfsi2CZVlPQzGeux8XMwLT9hssAsaPYExaQMuYskwb+x1x7J371tWlbBdWHroy99KnVB6qIkUbs5X3UQ=="
    },
    "node_modules/zone.js": {
      "version": "0.10.3",
      "resolved": "https://registry.npmjs.org/zone.js/-/zone.js-0.10.3.tgz",
      "integrity": "sha512-LXVLVEq0NNOqK/fLJo3d0kfzd4sxwn2/h67/02pjCjfKDxgx1i9QqpvtHD8CrBnSSwMw5+dy11O7FRX5mkO7Cg=="
    }
  },
  "dependencies": {
    "@syncfusion/ej2-angular-base": {
      "version": "20.2.37",
      "resolved": "https://registry.npmjs.org/@syncfusion/ej2-angular-base/-/ej2-angular-base-20.2.37.tgz",
      "integrity": "sha512-j5hlqgDbYpTWDydNxO+jLma2zY1eqzD8ViPxRdIJfo7DlNO3ns8980Yctp0LOJkv5TVAKQ+ZXc+ZHoasDwXmsQ==",
      "requires": {
        "@syncfusion/ej2-base": "~20.2.36",
        "@syncfusion/ej2-icons": "~20.2.36",
        "core-js": "^3.4.8",
        "reflect-metadata": "^0.1.9",
        "rxjs": "^6.5.4",
        "rxjs-compat": "^6.5.4",
        "zone.js": "^0.10.2"
      }
    },
    "@syncfusion/ej2-angular-dropdowns": {
      "version": "20.2.36",
      "resolved": "https://registry.npmjs.org/@syncfusion/ej2-angular-dropdowns/-/ej2-angular-dropdowns-20.2.36.tgz",
      "integrity": "sha512-lGCmyTYeK2O4b6Oxrsnib049D1HePgIIj53esHPuBzlYmlhQQ8pyLSMZ/u0h7QALyk3TpVjrVKxswqK8I0/Jfw==",
      "requires": {
        "@syncfusion/ej2-angular-base": "~20.2.36",
        "@syncfusion/ej2-base": "~20.2.36",
        "@syncfusion/ej2-dropdowns": "20.2.36",
        "tslib": "^2.3.0"
      }
    },
    "@syncfusion/ej2-base": {
      "version": "20.2.36",
      "resolved": "https://registry.npmjs.org/@syncfusion/ej2-base/-/ej2-base-20.2.36.tgz",
      "integrity": "sha512-k2YdbYh93MKo57eOODmHZDVuNEN3uM4J8mri6XwoaDvTB8LA3rZfYlKkiulX9jYhdl1KoUN+eAi6ytCD+v0Nsw==",
      "requires": {
        "@syncfusion/ej2-icons": "~20.2.36"
      }
    },
    "@syncfusion/ej2-buttons": {
      "version": "20.2.36",
      "resolved": "https://registry.npmjs.org/@syncfusion/ej2-buttons/-/ej2-buttons-20.2.36.tgz",
      "integrity": "sha512-KjoR3YWNv0x0+sjofPhGoM1AAJKl1uxDvnI1z7iITvFoQ/g6dybAYp4uftdKTJe1GT9OVqQu4yzhxTxvLO1q/A==",
      "requires": {
        "@syncfusion/ej2-base": "~20.2.36"
      }
    },
    "@syncfusion/ej2-data": {
      "version": "20.2.36",
      "resolved": "https://registry.npmjs.org/@syncfusion/ej2-data/-/ej2-data-20.2.36.tgz",
      "integrity": "sha512-eFJydLritngUW9Vvg7TuA9E/g4hDGNGnb2q3AmHFkl+lcrlexRawldUrktTbUJENSVuwZRcgZU5Unz5eDfbcOQ==",
      "requires": {
        "@syncfusion/ej2-base": "~20.2.36"
      }
    },
    "@syncfusion/ej2-dropdowns": {
      "version": "20.2.36",
      "resolved": "https://registry.npmjs.org/@syncfusion/ej2-dropdowns/-/ej2-dropdowns-20.2.36.tgz",
      "integrity": "sha512-F0zqcCm9T8Zmtyrc9ZgIleROQc/M33sZcz4UrE00sQpB+eOseV2vKZD300jdI8PZddWsM9ych/eV+/bZScl1ew==",
      "requires": {
        "@syncfusion/ej2-base": "~20.2.36",
        "@syncfusion/ej2-data": "~20.2.36",
        "@syncfusion/ej2-inputs": "~20.2.36",
        "@syncfusion/ej2-lists": "~20.2.36",
        "@syncfusion/ej2-navigations": "~20.2.36",
        "@syncfusion/ej2-popups": "~20.2.36"
      }
    },
    "@syncfusion/ej2-icons": {
      "version": "20.2.36",
      "resolved": "https://registry.npmjs.org/@syncfusion/ej2-icons/-/ej2-icons-20.2.36.tgz",
      "integrity": "sha512-C8AMPlzLsrAXY6qoG0jeQfBKZfyZTIZa5K0dtM8G99HGzx+dI3TkcCpSkwvDcKrynyN3CNJp4rw53vvcTFBCPg=="
    },
    "@syncfusion/ej2-inputs": {
      "version": "20.2.36",
      "resolved": "https://registry.npmjs.org/@syncfusion/ej2-inputs/-/ej2-inputs-20.2.36.tgz",
      "integrity": "sha512-hWiDD17IuPeo4IoA/J35bDJgZeA9sV3iVl4ww0ocbb73HHsG1jPP5HupNlRNBocZ5AoFLWDt+NbnTxYDr8gTZQ==",
      "requires": {
        "@syncfusion/ej2-base": "~20.2.36",
        "@syncfusion/ej2-buttons": "~20.2.36",
        "@syncfusion/ej2-popups": "~20.2.36",
        "@syncfusion/ej2-splitbuttons": "~20.2.36"
      }
    },
    "@syncfusion/ej2-lists": {
      "version": "20.2.36",
      "resolved": "https://registry.npmjs.org/@syncfusion/ej2-lists/-/ej2-lists-20.2.36.tgz",
      "integrity": "sha512-T3JQX2Bf32cKKzO64i0BQvDYpa2ygzCZ+8s1YOfmYCeocQ9FzID8sr5TJAJDpnu1gvpzVQ/xWyBOPb9lU1wh3A==",
      "requires": {
        "@syncfusion/ej2-base": "~20.2.36",
        "@syncfusion/ej2-buttons": "~20.2.36",
        "@syncfusion/ej2-data": "~20.2.36"
      }
    },
    "@syncfusion/ej2-navigations": {
      "version": "20.2.36",
      "resolved": "https://registry.npmjs.org/@syncfusion/ej2-navigations/-/ej2-navigations-20.2.36.tgz",
      "integrity": "sha512-Xz38yfJuHmroiUZojPtTGn0VEVlkMgSK+6b9/r+90eYXzJaN06m6Upzd2cpSt3G188ay6kyuIO80bUGOH4WOtg==",
      "requires": {
        "@syncfusion/ej2-base": "~20.2.36",
        "@syncfusion/ej2-buttons": "~20.2.36",
        "@syncfusion/ej2-data": "~20.2.36",
        "@syncfusion/ej2-inputs": "~20.2.36",
        "@syncfusion/ej2-lists": "~20.2.36",
        "@syncfusion/ej2-popups": "~20.2.36"
      }
    },
    "@syncfusion/ej2-popups": {
      "version": "20.2.36",
      "resolved": "https://registry.npmjs.org/@syncfusion/ej2-popups/-/ej2-popups-20.2.36.tgz",
      "integrity": "sha512-2K+uQFWaNDC7KOe2JK55PFtOlGSSZQirzhGZPdbkgTb8LDPZG/Ef89INsa2lBqUY5tubtC7vZ74r5J/O24djyA==",
      "requires": {
        "@syncfusion/ej2-base": "~20.2.36",
        "@syncfusion/ej2-buttons": "~20.2.36"
      }
    },
    "@syncfusion/ej2-splitbuttons": {
      "version": "20.2.36",
      "resolved": "https://registry.npmjs.org/@syncfusion/ej2-splitbuttons/-/ej2-splitbuttons-20.2.36.tgz",
      "integrity": "sha512-SBMaEtSIqidYrOSJZRIh0PsGmY/InY7MYgcjSLevYUKD8xVplpAEWZK86ALDfcdyH3OvFJf07OAZf9wdxMik4A==",
      "requires": {
        "@syncfusion/ej2-base": "~20.2.36",
        "@syncfusion/ej2-popups": "~20.2.36"
      }
    },
    "core-js": {
      "version": "3.23.3",
      "resolved": "https://registry.npmjs.org/core-js/-/core-js-3.23.3.tgz",
      "integrity": "sha512-oAKwkj9xcWNBAvGbT//WiCdOMpb9XQG92/Fe3ABFM/R16BsHgePG00mFOgKf7IsCtfj8tA1kHtf/VwErhriz5Q=="
    },
    "reflect-metadata": {
      "version": "0.1.13",
      "resolved": "https://registry.npmjs.org/reflect-metadata/-/reflect-metadata-0.1.13.tgz",
      "integrity": "sha512-Ts1Y/anZELhSsjMcU605fU9RE4Oi3p5ORujwbIKXfWa+0Zxs510Qrmrce5/Jowq3cHSZSJqBjypxmHarc+vEWg=="
    },
    "rxjs": {
      "version": "6.6.7",
      "resolved": "https://registry.npmjs.org/rxjs/-/rxjs-6.6.7.tgz",
      "integrity": "sha512-hTdwr+7yYNIT5n4AMYp85KA6yw2Va0FLa3Rguvbpa4W3I5xynaBZo41cM3XM+4Q6fRMj3sBYIR1VAmZMXYJvRQ==",
      "requires": {
        "tslib": "^1.9.0"
      },
      "dependencies": {
        "tslib": {
          "version": "1.14.1",
          "resolved": "https://registry.npmjs.org/tslib/-/tslib-1.14.1.tgz",
          "integrity": "sha512-Xni35NKzjgMrwevysHTCArtLDpPvye8zV/0E4EyYn43P7/7qvQwPh9BGkHewbMulVntbigmcT7rdX3BNo9wRJg=="
        }
      }
    },
    "rxjs-compat": {
      "version": "6.6.7",
      "resolved": "https://registry.npmjs.org/rxjs-compat/-/rxjs-compat-6.6.7.tgz",
      "integrity": "sha512-szN4fK+TqBPOFBcBcsR0g2cmTTUF/vaFEOZNuSdfU8/pGFnNmmn2u8SystYXG1QMrjOPBc6XTKHMVfENDf6hHw=="
    },
    "tslib": {
      "version": "2.4.0",
      "resolved": "https://registry.npmjs.org/tslib/-/tslib-2.4.0.tgz",
      "integrity": "sha512-d6xOpEDfsi2CZVlPQzGeux8XMwLT9hssAsaPYExaQMuYskwb+x1x7J371tWlbBdWHroy99KnVB6qIkUbs5X3UQ=="
    },
    "zone.js": {
      "version": "0.10.3",
      "resolved": "https://registry.npmjs.org/zone.js/-/zone.js-0.10.3.tgz",
      "integrity": "sha512-LXVLVEq0NNOqK/fLJo3d0kfzd4sxwn2/h67/02pjCjfKDxgx1i9QqpvtHD8CrBnSSwMw5+dy11O7FRX5mkO7Cg=="
    }
  }
}
